
Microsoft Visual Studio Solution File, Format Version 12.00
# Visual Studio Version 16
VisualStudioVersion = 16.0.30002.166
MinimumVisualStudioVersion = 10.0.40219.1
Project("{FAE04EC0-301F-11D3-BF4B-00C04F79EFBC}") = "LabyrinthGame", "LabyrinthGame\LabyrinthGame.csproj", "{52790B3F-D196-4C92-89C3-528C97C87D95}"
EndProject
Global
	GlobalSection(SolutionConfigurationPlatforms) = preSolution
		Debug|Any CPU = Debug|Any CPU
		Release|Any CPU = Release|Any CPU
	EndGlobalSection
	GlobalSection(ProjectConfigurationPlatforms) = postSolution
		{52790B3F-D196-4C92-89C3-528C97C87D95}.Debug|Any CPU.ActiveCfg = Debug|Any CPU
		{52790B3F-D196-4C92-89C3-528C97C87D95}.Debug|Any CPU.Build.0 = Debug|Any CPU
		{52790B3F-D196-4C92-89C3-528C97C87D95}.Release|Any CPU.ActiveCfg = Release|Any CPU
		{52790B3F-D196-4C92-89C3-528C97C87D95}.Release|Any CPU.Build.0 = Release|Any CPU
	EndGlobalSection
	GlobalSection(SolutionProperties) = preSolution
		HideSolutionNode = FALSE
	EndGlobalSection
	GlobalSection(ExtensibilityGlobals) = postSolution
		SolutionGuid = {2D6DB409-1C04-49B2-9ABA-E19AC3EF0207}
	EndGlobalSection
EndGlobal
